PODS:
  - Alamofire (4.2.0)
  - ISMessages (1.2)

DEPENDENCIES:
  - Alamofire
  - ISMessages

SPEC CHECKSUMS:
  Alamofire: aa2e09d871c9160ac53c90e83c68064a94e3dfbe
  ISMessages: d39098b48672813d69d30f44da06260b9920fed4

PODFILE CHECKSUM: d005aef7db9d74d81d905e1b28658908447dcc84

COCOAPODS: 1.2.0.beta.1
